
Microsoft Visual Studio Solution File, Format Version 12.00
# Visual Studio 15
VisualStudioVersion = 15.0.27703.2047
MinimumVisualStudioVersion = 10.0.40219.1
Project("{FAE04EC0-301F-11D3-BF4B-00C04F79EFBC}") = "AuthenticationApp", "AuthenticationApp\AuthenticationApp.csproj", "{30441E9E-51E3-4D96-B628-A3F1FE11FEA8}"
EndProject
Global
	GlobalSection(SolutionConfigurationPlatforms) = preSolution
		Debug|Any CPU = Debug|Any CPU
		Release|Any CPU = Release|Any CPU
	EndGlobalSection
	GlobalSection(ProjectConfigurationPlatforms) = postSolution
		{30441E9E-51E3-4D96-B628-A3F1FE11FEA8}.Debug|Any CPU.ActiveCfg = Debug|Any CPU
		{30441E9E-51E3-4D96-B628-A3F1FE11FEA8}.Debug|Any CPU.Build.0 = Debug|Any CPU
		{30441E9E-51E3-4D96-B628-A3F1FE11FEA8}.Release|Any CPU.ActiveCfg = Release|Any CPU
		{30441E9E-51E3-4D96-B628-A3F1FE11FEA8}.Release|Any CPU.Build.0 = Release|Any CPU
	EndGlobalSection
	GlobalSection(SolutionProperties) = preSolution
		HideSolutionNode = FALSE
	EndGlobalSection
	GlobalSection(ExtensibilityGlobals) = postSolution
		SolutionGuid = {A6297B98-B769-4ADD-835C-145902C2AFC6}
	EndGlobalSection
EndGlobal
